{
  "name": "eventloop",
  "version": "1.0.0",
  "lockfileVersion": 2,
  "requires": true,
  "packages": {
    "": {
      "name": "eventloop",
      "version": "1.0.0",
      "license": "ISC",
      "dependencies": {
        "mymodule-for-aj": "^0.0.1"
      }
    },
    "node_modules/mymodule-for-aj": {
      "version": "0.0.1",
      "resolved": "https://registry.npmjs.org/mymodule-for-aj/-/mymodule-for-aj-0.0.1.tgz",
      "integrity": "sha512-DWutrkVZoM8u/N47v97k7JAhJjBUpOmlnv9Z2W53SenE8TWc4L85H3jQL5lBxgxCQWJP/EcPrgQd30DakX3mBQ=="
    }
  },
  "dependencies": {
    "mymodule-for-aj": {
      "version": "0.0.1",
      "resolved": "https://registry.npmjs.org/mymodule-for-aj/-/mymodule-for-aj-0.0.1.tgz",
      "integrity": "sha512-DWutrkVZoM8u/N47v97k7JAhJjBUpOmlnv9Z2W53SenE8TWc4L85H3jQL5lBxgxCQWJP/EcPrgQd30DakX3mBQ=="
    }
  }
}
